
Microsoft Visual Studio Solution File, Format Version 12.00
# Visual Studio Version 17
VisualStudioVersion = 17.0.31903.59
MinimumVisualStudioVersion = 10.0.40219.1
Project("{FAE04EC0-301F-11D3-BF4B-00C04F79EFBC}") = "ProjectA", "ProjectA\ProjectA.csproj", "{2E531100-F46F-4A53-B233-6EA28AFDF5C7}"
EndProject
Project("{FAE04EC0-301F-11D3-BF4B-00C04F79EFBC}") = "ProjectB", "ProjectB\ProjectB.csproj", "{4705DE74-FAAC-446C-A5E2-E15E960221D6}"
EndProject
Project("{FAE04EC0-301F-11D3-BF4B-00C04F79EFBC}") = "Calculator", "Calculator\Calculator.csproj", "{93739D04-4A33-4F37-9135-6CE5325F5EC9}"
EndProject
Global
	GlobalSection(SolutionConfigurationPlatforms) = preSolution
		Debug|Any CPU = Debug|Any CPU
		Release|Any CPU = Release|Any CPU
	EndGlobalSection
	GlobalSection(SolutionProperties) = preSolution
		HideSolutionNode = FALSE
	EndGlobalSection
	GlobalSection(ProjectConfigurationPlatforms) = postSolution
		{2E531100-F46F-4A53-B233-6EA28AFDF5C7}.Debug|Any CPU.ActiveCfg = Debug|Any CPU
		{2E531100-F46F-4A53-B233-6EA28AFDF5C7}.Debug|Any CPU.Build.0 = Debug|Any CPU
		{2E531100-F46F-4A53-B233-6EA28AFDF5C7}.Release|Any CPU.ActiveCfg = Release|Any CPU
		{2E531100-F46F-4A53-B233-6EA28AFDF5C7}.Release|Any CPU.Build.0 = Release|Any CPU
		{4705DE74-FAAC-446C-A5E2-E15E960221D6}.Debug|Any CPU.ActiveCfg = Debug|Any CPU
		{4705DE74-FAAC-446C-A5E2-E15E960221D6}.Debug|Any CPU.Build.0 = Debug|Any CPU
		{4705DE74-FAAC-446C-A5E2-E15E960221D6}.Release|Any CPU.ActiveCfg = Release|Any CPU
		{4705DE74-FAAC-446C-A5E2-E15E960221D6}.Release|Any CPU.Build.0 = Release|Any CPU
		{93739D04-4A33-4F37-9135-6CE5325F5EC9}.Debug|Any CPU.ActiveCfg = Debug|Any CPU
		{93739D04-4A33-4F37-9135-6CE5325F5EC9}.Debug|Any CPU.Build.0 = Debug|Any CPU
		{93739D04-4A33-4F37-9135-6CE5325F5EC9}.Release|Any CPU.ActiveCfg = Release|Any CPU
		{93739D04-4A33-4F37-9135-6CE5325F5EC9}.Release|Any CPU.Build.0 = Release|Any CPU
	EndGlobalSection
EndGlobal
