
Microsoft Visual Studio Solution File, Format Version 12.00
# Visual Studio Version 17
VisualStudioVersion = 17.0.31903.59
MinimumVisualStudioVersion = 10.0.40219.1
Project("{2150E333-8FDC-42A3-9474-1A3956D46DE8}") = "Daily", "Daily", "{A948251B-EB74-48B2-BD19-D7C3C459CDC6}"
EndProject
Project("{2150E333-8FDC-42A3-9474-1A3956D46DE8}") = "0219", "0219", "{09816E6C-CEB9-45BE-82B9-9BEE77D771AA}"
EndProject
Project("{FAE04EC0-301F-11D3-BF4B-00C04F79EFBC}") = "Calculator", "Daily\0219\Calculator\Calculator.csproj", "{E9B0ACAB-70FE-4178-B424-D338377C7215}"
EndProject
Project("{FAE04EC0-301F-11D3-BF4B-00C04F79EFBC}") = "ProjectA", "Daily\0219\ProjectA\ProjectA.csproj", "{9441735C-A8DE-4ABC-A7D1-1CD74D28D4D4}"
EndProject
Project("{FAE04EC0-301F-11D3-BF4B-00C04F79EFBC}") = "ProjectB", "Daily\0219\ProjectB\ProjectB.csproj", "{179D7B23-CD0E-4A32-8BC0-69535906C03E}"
EndProject
Project("{2150E333-8FDC-42A3-9474-1A3956D46DE8}") = "0220", "0220", "{02A82892-AB19-40BB-94FD-62ECF124144B}"
EndProject
Project("{FAE04EC0-301F-11D3-BF4B-00C04F79EFBC}") = "Animals", "Daily\0220\Animals\Animals.csproj", "{C1D09BCD-6E7A-4E5D-BBA1-862ED6F9B5E3}"
EndProject
Project("{FAE04EC0-301F-11D3-BF4B-00C04F79EFBC}") = "Car", "Daily\0220\Car\Car.csproj", "{1DD0EA23-7AAC-40CF-9EF7-3470599F1681}"
EndProject
Project("{FAE04EC0-301F-11D3-BF4B-00C04F79EFBC}") = "Constructor", "Daily\0220\Constructor\Constructor.csproj", "{D484FABA-2C12-4369-98D5-FF85CF29EB15}"
EndProject
Project("{2150E333-8FDC-42A3-9474-1A3956D46DE8}") = "0221", "0221", "{E46E9DEA-4743-4352-BE4A-663D8585A950}"
EndProject
Project("{FAE04EC0-301F-11D3-BF4B-00C04F79EFBC}") = "Abstraction", "Daily\0221\Abstraction\Abstraction.csproj", "{463B6A0F-BDFB-491D-A328-02A1C6147CA3}"
EndProject
Project("{FAE04EC0-301F-11D3-BF4B-00C04F79EFBC}") = "Extension Methods", "Daily\0221\Extension Methods\Extension Methods.csproj", "{2D04B1EB-8F20-48B7-BAA0-3C03F66FAF3D}"
EndProject
Project("{FAE04EC0-301F-11D3-BF4B-00C04F79EFBC}") = "GrandParent", "Daily\0221\GrandParent\GrandParent.csproj", "{4A21CC8A-23D5-4DA5-8A52-B3C8CF694F4E}"
EndProject
Project("{FAE04EC0-301F-11D3-BF4B-00C04F79EFBC}") = "Overriding vs Method Hiding", "Daily\0221\Overriding vs Method Hiding\Overriding vs Method Hiding.csproj", "{180F95A6-8B01-4CBD-AD84-562233E728A3}"
EndProject
Project("{FAE04EC0-301F-11D3-BF4B-00C04F79EFBC}") = "Params", "Daily\0221\Params\Params.csproj", "{3945EBFB-C6C0-4A20-8B27-CCAEE7D1D96B}"
EndProject
Project("{FAE04EC0-301F-11D3-BF4B-00C04F79EFBC}") = "Static Method and Var", "Daily\0221\Static Method and Var\Static Method and Var.csproj", "{DA8A5564-D1C1-45D4-820F-4EBFA5E7A76A}"
EndProject
Project("{FAE04EC0-301F-11D3-BF4B-00C04F79EFBC}") = "Up and Downcasting", "Daily\0221\Up and Downcasting\Up and Downcasting.csproj", "{C02CC31F-1278-444F-9143-486F35168606}"
EndProject
Project("{2150E333-8FDC-42A3-9474-1A3956D46DE8}") = "0222", "0222", "{11D50CAF-C8D7-49C6-929F-D41BC15CDFE2}"
EndProject
Project("{FAE04EC0-301F-11D3-BF4B-00C04F79EFBC}") = "Properties", "Daily\0222\Properties\Properties.csproj", "{59287D3F-8CDE-4D13-9C77-FEA96AE078D7}"
EndProject
Project("{FAE04EC0-301F-11D3-BF4B-00C04F79EFBC}") = "Inheritance & Interface", "Daily\0222\Inheritance & Interface\Inheritance & Interface.csproj", "{700CB6A0-4DBF-4703-A430-DBD4F7E5B3DD}"
EndProject
Project("{FAE04EC0-301F-11D3-BF4B-00C04F79EFBC}") = "Interface", "Daily\0222\Interface\Interface.csproj", "{7BDCFC6D-7BC5-4FB2-91DF-26A234A9603F}"
EndProject
Project("{FAE04EC0-301F-11D3-BF4B-00C04F79EFBC}") = "Enum", "Daily\0222\Enum\Enum.csproj", "{C6C8C802-7053-4B43-AE5C-2B75FC1A2C57}"
EndProject
Project("{FAE04EC0-301F-11D3-BF4B-00C04F79EFBC}") = "Multiple Interface", "Daily\0222\Multiple Interface\Multiple Interface.csproj", "{11E4E4DC-B1D5-4851-9918-7552C988F42F}"
EndProject
Project("{FAE04EC0-301F-11D3-BF4B-00C04F79EFBC}") = "Generic", "Daily\0222\Generic\Generic.csproj", "{F2FFF3F8-4E73-4EBA-9B64-467744B97D04}"
EndProject
Project("{2150E333-8FDC-42A3-9474-1A3956D46DE8}") = "0223", "0223", "{F2103B0F-13B4-408B-86BB-6DAFBF8A0C48}"
EndProject
Project("{FAE04EC0-301F-11D3-BF4B-00C04F79EFBC}") = "Value vs Ref Type", "Daily\0223\Value vs Ref Type\Value vs Ref Type.csproj", "{DA9B9C81-E454-4720-BB11-7B9A765FE6E9}"
EndProject
Project("{FAE04EC0-301F-11D3-BF4B-00C04F79EFBC}") = "Delegates", "Daily\0223\Delegates\Delegates.csproj", "{71C2AD78-ED04-4F68-8725-D1556844007C}"
EndProject
Project("{FAE04EC0-301F-11D3-BF4B-00C04F79EFBC}") = "Exception Handling", "Daily\0223\Exception Handling\Exception Handling.csproj", "{0D23CE20-ECB8-44A5-92E7-00EDBB6EC6A4}"
EndProject
Global
	GlobalSection(SolutionConfigurationPlatforms) = preSolution
		Debug|Any CPU = Debug|Any CPU
		Release|Any CPU = Release|Any CPU
	EndGlobalSection
	GlobalSection(SolutionProperties) = preSolution
		HideSolutionNode = FALSE
	EndGlobalSection
	GlobalSection(ProjectConfigurationPlatforms) = postSolution
		{E9B0ACAB-70FE-4178-B424-D338377C7215}.Debug|Any CPU.ActiveCfg = Debug|Any CPU
		{E9B0ACAB-70FE-4178-B424-D338377C7215}.Debug|Any CPU.Build.0 = Debug|Any CPU
		{E9B0ACAB-70FE-4178-B424-D338377C7215}.Release|Any CPU.ActiveCfg = Release|Any CPU
		{E9B0ACAB-70FE-4178-B424-D338377C7215}.Release|Any CPU.Build.0 = Release|Any CPU
		{9441735C-A8DE-4ABC-A7D1-1CD74D28D4D4}.Debug|Any CPU.ActiveCfg = Debug|Any CPU
		{9441735C-A8DE-4ABC-A7D1-1CD74D28D4D4}.Debug|Any CPU.Build.0 = Debug|Any CPU
		{9441735C-A8DE-4ABC-A7D1-1CD74D28D4D4}.Release|Any CPU.ActiveCfg = Release|Any CPU
		{9441735C-A8DE-4ABC-A7D1-1CD74D28D4D4}.Release|Any CPU.Build.0 = Release|Any CPU
		{179D7B23-CD0E-4A32-8BC0-69535906C03E}.Debug|Any CPU.ActiveCfg = Debug|Any CPU
		{179D7B23-CD0E-4A32-8BC0-69535906C03E}.Debug|Any CPU.Build.0 = Debug|Any CPU
		{179D7B23-CD0E-4A32-8BC0-69535906C03E}.Release|Any CPU.ActiveCfg = Release|Any CPU
		{179D7B23-CD0E-4A32-8BC0-69535906C03E}.Release|Any CPU.Build.0 = Release|Any CPU
		{C1D09BCD-6E7A-4E5D-BBA1-862ED6F9B5E3}.Debug|Any CPU.ActiveCfg = Debug|Any CPU
		{C1D09BCD-6E7A-4E5D-BBA1-862ED6F9B5E3}.Debug|Any CPU.Build.0 = Debug|Any CPU
		{C1D09BCD-6E7A-4E5D-BBA1-862ED6F9B5E3}.Release|Any CPU.ActiveCfg = Release|Any CPU
		{C1D09BCD-6E7A-4E5D-BBA1-862ED6F9B5E3}.Release|Any CPU.Build.0 = Release|Any CPU
		{1DD0EA23-7AAC-40CF-9EF7-3470599F1681}.Debug|Any CPU.ActiveCfg = Debug|Any CPU
		{1DD0EA23-7AAC-40CF-9EF7-3470599F1681}.Debug|Any CPU.Build.0 = Debug|Any CPU
		{1DD0EA23-7AAC-40CF-9EF7-3470599F1681}.Release|Any CPU.ActiveCfg = Release|Any CPU
		{1DD0EA23-7AAC-40CF-9EF7-3470599F1681}.Release|Any CPU.Build.0 = Release|Any CPU
		{D484FABA-2C12-4369-98D5-FF85CF29EB15}.Debug|Any CPU.ActiveCfg = Debug|Any CPU
		{D484FABA-2C12-4369-98D5-FF85CF29EB15}.Debug|Any CPU.Build.0 = Debug|Any CPU
		{D484FABA-2C12-4369-98D5-FF85CF29EB15}.Release|Any CPU.ActiveCfg = Release|Any CPU
		{D484FABA-2C12-4369-98D5-FF85CF29EB15}.Release|Any CPU.Build.0 = Release|Any CPU
		{463B6A0F-BDFB-491D-A328-02A1C6147CA3}.Debug|Any CPU.ActiveCfg = Debug|Any CPU
		{463B6A0F-BDFB-491D-A328-02A1C6147CA3}.Debug|Any CPU.Build.0 = Debug|Any CPU
		{463B6A0F-BDFB-491D-A328-02A1C6147CA3}.Release|Any CPU.ActiveCfg = Release|Any CPU
		{463B6A0F-BDFB-491D-A328-02A1C6147CA3}.Release|Any CPU.Build.0 = Release|Any CPU
		{2D04B1EB-8F20-48B7-BAA0-3C03F66FAF3D}.Debug|Any CPU.ActiveCfg = Debug|Any CPU
		{2D04B1EB-8F20-48B7-BAA0-3C03F66FAF3D}.Debug|Any CPU.Build.0 = Debug|Any CPU
		{2D04B1EB-8F20-48B7-BAA0-3C03F66FAF3D}.Release|Any CPU.ActiveCfg = Release|Any CPU
		{2D04B1EB-8F20-48B7-BAA0-3C03F66FAF3D}.Release|Any CPU.Build.0 = Release|Any CPU
		{4A21CC8A-23D5-4DA5-8A52-B3C8CF694F4E}.Debug|Any CPU.ActiveCfg = Debug|Any CPU
		{4A21CC8A-23D5-4DA5-8A52-B3C8CF694F4E}.Debug|Any CPU.Build.0 = Debug|Any CPU
		{4A21CC8A-23D5-4DA5-8A52-B3C8CF694F4E}.Release|Any CPU.ActiveCfg = Release|Any CPU
		{4A21CC8A-23D5-4DA5-8A52-B3C8CF694F4E}.Release|Any CPU.Build.0 = Release|Any CPU
		{180F95A6-8B01-4CBD-AD84-562233E728A3}.Debug|Any CPU.ActiveCfg = Debug|Any CPU
		{180F95A6-8B01-4CBD-AD84-562233E728A3}.Debug|Any CPU.Build.0 = Debug|Any CPU
		{180F95A6-8B01-4CBD-AD84-562233E728A3}.Release|Any CPU.ActiveCfg = Release|Any CPU
		{180F95A6-8B01-4CBD-AD84-562233E728A3}.Release|Any CPU.Build.0 = Release|Any CPU
		{3945EBFB-C6C0-4A20-8B27-CCAEE7D1D96B}.Debug|Any CPU.ActiveCfg = Debug|Any CPU
		{3945EBFB-C6C0-4A20-8B27-CCAEE7D1D96B}.Debug|Any CPU.Build.0 = Debug|Any CPU
		{3945EBFB-C6C0-4A20-8B27-CCAEE7D1D96B}.Release|Any CPU.ActiveCfg = Release|Any CPU
		{3945EBFB-C6C0-4A20-8B27-CCAEE7D1D96B}.Release|Any CPU.Build.0 = Release|Any CPU
		{DA8A5564-D1C1-45D4-820F-4EBFA5E7A76A}.Debug|Any CPU.ActiveCfg = Debug|Any CPU
		{DA8A5564-D1C1-45D4-820F-4EBFA5E7A76A}.Debug|Any CPU.Build.0 = Debug|Any CPU
		{DA8A5564-D1C1-45D4-820F-4EBFA5E7A76A}.Release|Any CPU.ActiveCfg = Release|Any CPU
		{DA8A5564-D1C1-45D4-820F-4EBFA5E7A76A}.Release|Any CPU.Build.0 = Release|Any CPU
		{C02CC31F-1278-444F-9143-486F35168606}.Debug|Any CPU.ActiveCfg = Debug|Any CPU
		{C02CC31F-1278-444F-9143-486F35168606}.Debug|Any CPU.Build.0 = Debug|Any CPU
		{C02CC31F-1278-444F-9143-486F35168606}.Release|Any CPU.ActiveCfg = Release|Any CPU
		{C02CC31F-1278-444F-9143-486F35168606}.Release|Any CPU.Build.0 = Release|Any CPU
		{59287D3F-8CDE-4D13-9C77-FEA96AE078D7}.Debug|Any CPU.ActiveCfg = Debug|Any CPU
		{59287D3F-8CDE-4D13-9C77-FEA96AE078D7}.Debug|Any CPU.Build.0 = Debug|Any CPU
		{59287D3F-8CDE-4D13-9C77-FEA96AE078D7}.Release|Any CPU.ActiveCfg = Release|Any CPU
		{59287D3F-8CDE-4D13-9C77-FEA96AE078D7}.Release|Any CPU.Build.0 = Release|Any CPU
		{700CB6A0-4DBF-4703-A430-DBD4F7E5B3DD}.Debug|Any CPU.ActiveCfg = Debug|Any CPU
		{700CB6A0-4DBF-4703-A430-DBD4F7E5B3DD}.Debug|Any CPU.Build.0 = Debug|Any CPU
		{700CB6A0-4DBF-4703-A430-DBD4F7E5B3DD}.Release|Any CPU.ActiveCfg = Release|Any CPU
		{700CB6A0-4DBF-4703-A430-DBD4F7E5B3DD}.Release|Any CPU.Build.0 = Release|Any CPU
		{7BDCFC6D-7BC5-4FB2-91DF-26A234A9603F}.Debug|Any CPU.ActiveCfg = Debug|Any CPU
		{7BDCFC6D-7BC5-4FB2-91DF-26A234A9603F}.Debug|Any CPU.Build.0 = Debug|Any CPU
		{7BDCFC6D-7BC5-4FB2-91DF-26A234A9603F}.Release|Any CPU.ActiveCfg = Release|Any CPU
		{7BDCFC6D-7BC5-4FB2-91DF-26A234A9603F}.Release|Any CPU.Build.0 = Release|Any CPU
		{C6C8C802-7053-4B43-AE5C-2B75FC1A2C57}.Debug|Any CPU.ActiveCfg = Debug|Any CPU
		{C6C8C802-7053-4B43-AE5C-2B75FC1A2C57}.Debug|Any CPU.Build.0 = Debug|Any CPU
		{C6C8C802-7053-4B43-AE5C-2B75FC1A2C57}.Release|Any CPU.ActiveCfg = Release|Any CPU
		{C6C8C802-7053-4B43-AE5C-2B75FC1A2C57}.Release|Any CPU.Build.0 = Release|Any CPU
		{11E4E4DC-B1D5-4851-9918-7552C988F42F}.Debug|Any CPU.ActiveCfg = Debug|Any CPU
		{11E4E4DC-B1D5-4851-9918-7552C988F42F}.Debug|Any CPU.Build.0 = Debug|Any CPU
		{11E4E4DC-B1D5-4851-9918-7552C988F42F}.Release|Any CPU.ActiveCfg = Release|Any CPU
		{11E4E4DC-B1D5-4851-9918-7552C988F42F}.Release|Any CPU.Build.0 = Release|Any CPU
		{F2FFF3F8-4E73-4EBA-9B64-467744B97D04}.Debug|Any CPU.ActiveCfg = Debug|Any CPU
		{F2FFF3F8-4E73-4EBA-9B64-467744B97D04}.Debug|Any CPU.Build.0 = Debug|Any CPU
		{F2FFF3F8-4E73-4EBA-9B64-467744B97D04}.Release|Any CPU.ActiveCfg = Release|Any CPU
		{F2FFF3F8-4E73-4EBA-9B64-467744B97D04}.Release|Any CPU.Build.0 = Release|Any CPU
		{DA9B9C81-E454-4720-BB11-7B9A765FE6E9}.Debug|Any CPU.ActiveCfg = Debug|Any CPU
		{DA9B9C81-E454-4720-BB11-7B9A765FE6E9}.Debug|Any CPU.Build.0 = Debug|Any CPU
		{DA9B9C81-E454-4720-BB11-7B9A765FE6E9}.Release|Any CPU.ActiveCfg = Release|Any CPU
		{DA9B9C81-E454-4720-BB11-7B9A765FE6E9}.Release|Any CPU.Build.0 = Release|Any CPU
		{71C2AD78-ED04-4F68-8725-D1556844007C}.Debug|Any CPU.ActiveCfg = Debug|Any CPU
		{71C2AD78-ED04-4F68-8725-D1556844007C}.Debug|Any CPU.Build.0 = Debug|Any CPU
		{71C2AD78-ED04-4F68-8725-D1556844007C}.Release|Any CPU.ActiveCfg = Release|Any CPU
		{71C2AD78-ED04-4F68-8725-D1556844007C}.Release|Any CPU.Build.0 = Release|Any CPU
		{0D23CE20-ECB8-44A5-92E7-00EDBB6EC6A4}.Debug|Any CPU.ActiveCfg = Debug|Any CPU
		{0D23CE20-ECB8-44A5-92E7-00EDBB6EC6A4}.Debug|Any CPU.Build.0 = Debug|Any CPU
		{0D23CE20-ECB8-44A5-92E7-00EDBB6EC6A4}.Release|Any CPU.ActiveCfg = Release|Any CPU
		{0D23CE20-ECB8-44A5-92E7-00EDBB6EC6A4}.Release|Any CPU.Build.0 = Release|Any CPU
	EndGlobalSection
	GlobalSection(NestedProjects) = preSolution
		{09816E6C-CEB9-45BE-82B9-9BEE77D771AA} = {A948251B-EB74-48B2-BD19-D7C3C459CDC6}
		{E9B0ACAB-70FE-4178-B424-D338377C7215} = {09816E6C-CEB9-45BE-82B9-9BEE77D771AA}
		{9441735C-A8DE-4ABC-A7D1-1CD74D28D4D4} = {09816E6C-CEB9-45BE-82B9-9BEE77D771AA}
		{179D7B23-CD0E-4A32-8BC0-69535906C03E} = {09816E6C-CEB9-45BE-82B9-9BEE77D771AA}
		{02A82892-AB19-40BB-94FD-62ECF124144B} = {A948251B-EB74-48B2-BD19-D7C3C459CDC6}
		{C1D09BCD-6E7A-4E5D-BBA1-862ED6F9B5E3} = {02A82892-AB19-40BB-94FD-62ECF124144B}
		{1DD0EA23-7AAC-40CF-9EF7-3470599F1681} = {02A82892-AB19-40BB-94FD-62ECF124144B}
		{D484FABA-2C12-4369-98D5-FF85CF29EB15} = {02A82892-AB19-40BB-94FD-62ECF124144B}
		{E46E9DEA-4743-4352-BE4A-663D8585A950} = {A948251B-EB74-48B2-BD19-D7C3C459CDC6}
		{463B6A0F-BDFB-491D-A328-02A1C6147CA3} = {E46E9DEA-4743-4352-BE4A-663D8585A950}
		{2D04B1EB-8F20-48B7-BAA0-3C03F66FAF3D} = {E46E9DEA-4743-4352-BE4A-663D8585A950}
		{4A21CC8A-23D5-4DA5-8A52-B3C8CF694F4E} = {E46E9DEA-4743-4352-BE4A-663D8585A950}
		{180F95A6-8B01-4CBD-AD84-562233E728A3} = {E46E9DEA-4743-4352-BE4A-663D8585A950}
		{3945EBFB-C6C0-4A20-8B27-CCAEE7D1D96B} = {E46E9DEA-4743-4352-BE4A-663D8585A950}
		{DA8A5564-D1C1-45D4-820F-4EBFA5E7A76A} = {E46E9DEA-4743-4352-BE4A-663D8585A950}
		{C02CC31F-1278-444F-9143-486F35168606} = {E46E9DEA-4743-4352-BE4A-663D8585A950}
		{11D50CAF-C8D7-49C6-929F-D41BC15CDFE2} = {A948251B-EB74-48B2-BD19-D7C3C459CDC6}
		{59287D3F-8CDE-4D13-9C77-FEA96AE078D7} = {11D50CAF-C8D7-49C6-929F-D41BC15CDFE2}
		{700CB6A0-4DBF-4703-A430-DBD4F7E5B3DD} = {11D50CAF-C8D7-49C6-929F-D41BC15CDFE2}
		{7BDCFC6D-7BC5-4FB2-91DF-26A234A9603F} = {11D50CAF-C8D7-49C6-929F-D41BC15CDFE2}
		{C6C8C802-7053-4B43-AE5C-2B75FC1A2C57} = {11D50CAF-C8D7-49C6-929F-D41BC15CDFE2}
		{11E4E4DC-B1D5-4851-9918-7552C988F42F} = {11D50CAF-C8D7-49C6-929F-D41BC15CDFE2}
		{F2FFF3F8-4E73-4EBA-9B64-467744B97D04} = {11D50CAF-C8D7-49C6-929F-D41BC15CDFE2}
		{F2103B0F-13B4-408B-86BB-6DAFBF8A0C48} = {A948251B-EB74-48B2-BD19-D7C3C459CDC6}
		{DA9B9C81-E454-4720-BB11-7B9A765FE6E9} = {F2103B0F-13B4-408B-86BB-6DAFBF8A0C48}
		{71C2AD78-ED04-4F68-8725-D1556844007C} = {F2103B0F-13B4-408B-86BB-6DAFBF8A0C48}
		{0D23CE20-ECB8-44A5-92E7-00EDBB6EC6A4} = {F2103B0F-13B4-408B-86BB-6DAFBF8A0C48}
	EndGlobalSection
EndGlobal
