
Microsoft Visual Studio Solution File, Format Version 12.00
# Visual Studio Version 17
VisualStudioVersion = 17.0.31903.59
MinimumVisualStudioVersion = 10.0.40219.1
Project("{2150E333-8FDC-42A3-9474-1A3956D46DE8}") = "Daily", "Daily", "{A948251B-EB74-48B2-BD19-D7C3C459CDC6}"
EndProject
Project("{2150E333-8FDC-42A3-9474-1A3956D46DE8}") = "0219", "0219", "{09816E6C-CEB9-45BE-82B9-9BEE77D771AA}"
EndProject
Project("{FAE04EC0-301F-11D3-BF4B-00C04F79EFBC}") = "Calculator", "Daily\0219\Calculator\Calculator.csproj", "{E9B0ACAB-70FE-4178-B424-D338377C7215}"
EndProject
Project("{FAE04EC0-301F-11D3-BF4B-00C04F79EFBC}") = "ProjectA", "Daily\0219\ProjectA\ProjectA.csproj", "{9441735C-A8DE-4ABC-A7D1-1CD74D28D4D4}"
EndProject
Project("{FAE04EC0-301F-11D3-BF4B-00C04F79EFBC}") = "ProjectB", "Daily\0219\ProjectB\ProjectB.csproj", "{179D7B23-CD0E-4A32-8BC0-69535906C03E}"
EndProject
Project("{2150E333-8FDC-42A3-9474-1A3956D46DE8}") = "0220", "0220", "{02A82892-AB19-40BB-94FD-62ECF124144B}"
EndProject
Project("{FAE04EC0-301F-11D3-BF4B-00C04F79EFBC}") = "Animals", "Daily\0220\Animals\Animals.csproj", "{C1D09BCD-6E7A-4E5D-BBA1-862ED6F9B5E3}"
EndProject
Project("{FAE04EC0-301F-11D3-BF4B-00C04F79EFBC}") = "Car", "Daily\0220\Car\Car.csproj", "{1DD0EA23-7AAC-40CF-9EF7-3470599F1681}"
EndProject
Project("{FAE04EC0-301F-11D3-BF4B-00C04F79EFBC}") = "Constructor", "Daily\0220\Constructor\Constructor.csproj", "{D484FABA-2C12-4369-98D5-FF85CF29EB15}"
EndProject
Project("{2150E333-8FDC-42A3-9474-1A3956D46DE8}") = "0221", "0221", "{E46E9DEA-4743-4352-BE4A-663D8585A950}"
EndProject
Project("{FAE04EC0-301F-11D3-BF4B-00C04F79EFBC}") = "Abstraction", "Daily\0221\Abstraction\Abstraction.csproj", "{463B6A0F-BDFB-491D-A328-02A1C6147CA3}"
EndProject
Project("{FAE04EC0-301F-11D3-BF4B-00C04F79EFBC}") = "Extension Methods", "Daily\0221\Extension Methods\Extension Methods.csproj", "{2D04B1EB-8F20-48B7-BAA0-3C03F66FAF3D}"
EndProject
Project("{FAE04EC0-301F-11D3-BF4B-00C04F79EFBC}") = "GrandParent", "Daily\0221\GrandParent\GrandParent.csproj", "{4A21CC8A-23D5-4DA5-8A52-B3C8CF694F4E}"
EndProject
Project("{FAE04EC0-301F-11D3-BF4B-00C04F79EFBC}") = "Overriding vs Method Hiding", "Daily\0221\Overriding vs Method Hiding\Overriding vs Method Hiding.csproj", "{180F95A6-8B01-4CBD-AD84-562233E728A3}"
EndProject
Project("{FAE04EC0-301F-11D3-BF4B-00C04F79EFBC}") = "Params", "Daily\0221\Params\Params.csproj", "{3945EBFB-C6C0-4A20-8B27-CCAEE7D1D96B}"
EndProject
Project("{FAE04EC0-301F-11D3-BF4B-00C04F79EFBC}") = "Static Method and Var", "Daily\0221\Static Method and Var\Static Method and Var.csproj", "{DA8A5564-D1C1-45D4-820F-4EBFA5E7A76A}"
EndProject
Project("{FAE04EC0-301F-11D3-BF4B-00C04F79EFBC}") = "Up and Downcasting", "Daily\0221\Up and Downcasting\Up and Downcasting.csproj", "{C02CC31F-1278-444F-9143-486F35168606}"
EndProject
Project("{2150E333-8FDC-42A3-9474-1A3956D46DE8}") = "0222", "0222", "{11D50CAF-C8D7-49C6-929F-D41BC15CDFE2}"
EndProject
Project("{FAE04EC0-301F-11D3-BF4B-00C04F79EFBC}") = "Properties", "Daily\0222\Properties\Properties.csproj", "{59287D3F-8CDE-4D13-9C77-FEA96AE078D7}"
EndProject
Project("{FAE04EC0-301F-11D3-BF4B-00C04F79EFBC}") = "Inheritance & Interface", "Daily\0222\Inheritance & Interface\Inheritance & Interface.csproj", "{700CB6A0-4DBF-4703-A430-DBD4F7E5B3DD}"
EndProject
Project("{FAE04EC0-301F-11D3-BF4B-00C04F79EFBC}") = "Interface", "Daily\0222\Interface\Interface.csproj", "{7BDCFC6D-7BC5-4FB2-91DF-26A234A9603F}"
EndProject
Project("{FAE04EC0-301F-11D3-BF4B-00C04F79EFBC}") = "Enum", "Daily\0222\Enum\Enum.csproj", "{C6C8C802-7053-4B43-AE5C-2B75FC1A2C57}"
EndProject
Project("{FAE04EC0-301F-11D3-BF4B-00C04F79EFBC}") = "Multiple Interface", "Daily\0222\Multiple Interface\Multiple Interface.csproj", "{11E4E4DC-B1D5-4851-9918-7552C988F42F}"
EndProject
Project("{FAE04EC0-301F-11D3-BF4B-00C04F79EFBC}") = "Generic", "Daily\0222\Generic\Generic.csproj", "{F2FFF3F8-4E73-4EBA-9B64-467744B97D04}"
EndProject
Project("{2150E333-8FDC-42A3-9474-1A3956D46DE8}") = "0223", "0223", "{F2103B0F-13B4-408B-86BB-6DAFBF8A0C48}"
EndProject
Project("{FAE04EC0-301F-11D3-BF4B-00C04F79EFBC}") = "Value vs Ref Type", "Daily\0223\Value vs Ref Type\Value vs Ref Type.csproj", "{DA9B9C81-E454-4720-BB11-7B9A765FE6E9}"
EndProject
Project("{FAE04EC0-301F-11D3-BF4B-00C04F79EFBC}") = "Delegates", "Daily\0223\Delegates\Delegates.csproj", "{71C2AD78-ED04-4F68-8725-D1556844007C}"
EndProject
Project("{FAE04EC0-301F-11D3-BF4B-00C04F79EFBC}") = "Exception Handling", "Daily\0223\Exception Handling\Exception Handling.csproj", "{0D23CE20-ECB8-44A5-92E7-00EDBB6EC6A4}"
EndProject
Project("{2150E333-8FDC-42A3-9474-1A3956D46DE8}") = "0226", "0226", "{10A3B1EA-316C-4DD1-BAEC-B8A73C32510A}"
EndProject
Project("{FAE04EC0-301F-11D3-BF4B-00C04F79EFBC}") = "Action and Func", "Daily\0226\Action and Func\Action and Func.csproj", "{7AD0C44C-7F1C-4373-BF58-D33E24C92F0A}"
EndProject
Project("{2150E333-8FDC-42A3-9474-1A3956D46DE8}") = "Assignment", "Assignment", "{CE888572-B4D1-4994-88ED-A923BECB38F3}"
EndProject
Project("{FAE04EC0-301F-11D3-BF4B-00C04F79EFBC}") = "FooBar", "Assignment\FooBar\FooBar.csproj", "{0848D07A-4FC5-473C-9469-516BE148AE44}"
EndProject
Project("{FAE04EC0-301F-11D3-BF4B-00C04F79EFBC}") = "Operator Overloading", "Daily\0226\Operator Overloading\Operator Overloading.csproj", "{D30F9652-70FE-43D9-B390-392DEC0DAFDC}"
EndProject
Project("{FAE04EC0-301F-11D3-BF4B-00C04F79EFBC}") = "Partial Class", "Daily\0226\Partial Class\Partial Class.csproj", "{4670A43F-92BF-4495-A76C-83AC8C9E800C}"
EndProject
Project("{FAE04EC0-301F-11D3-BF4B-00C04F79EFBC}") = "Collections", "Daily\0226\Collections\Collections.csproj", "{6AA8F6DF-A7E7-4551-831D-4B58B457C8BD}"
EndProject
Project("{2150E333-8FDC-42A3-9474-1A3956D46DE8}") = "0305", "0305", "{3B3BD4C1-CB11-4B9F-AE2D-562E953E13C3}"
EndProject
Project("{FAE04EC0-301F-11D3-BF4B-00C04F79EFBC}") = "Memory Profiling - String", "Daily\0305\Memory Profiling - String\Memory Profiling - String.csproj", "{75F0030B-2C0A-454A-BC41-7F9CB44F7DC7}"
EndProject
Project("{FAE04EC0-301F-11D3-BF4B-00C04F79EFBC}") = "Memory Profiling - StringBuilder", "Daily\0305\Memory Profiling - StringBuilder\Memory Profiling - StringBuilder.csproj", "{B89EC827-CC56-4ECC-9A68-A2D725BF5914}"
EndProject
Project("{FAE04EC0-301F-11D3-BF4B-00C04F79EFBC}") = "Finalizer", "Daily\0305\Finalizer\Finalizer.csproj", "{3854373F-BF30-43DC-87C4-8FC6BF298860}"
EndProject
Project("{FAE04EC0-301F-11D3-BF4B-00C04F79EFBC}") = "Finalizer Inheritance", "Daily\0305\Finalizer Inheritance\Finalizer Inheritance.csproj", "{C467C6A5-476E-40E5-A82D-055621EEEDE9}"
EndProject
Project("{FAE04EC0-301F-11D3-BF4B-00C04F79EFBC}") = "Finalizer Loop", "Daily\0305\Finalizer Loop\Finalizer Loop.csproj", "{8A5C6A3D-D1FA-465B-B725-7239FA258149}"
EndProject
Project("{2150E333-8FDC-42A3-9474-1A3956D46DE8}") = "0306", "0306", "{9237426E-8458-4A1D-95D3-9F7FEBAFFD40}"
EndProject
Project("{FAE04EC0-301F-11D3-BF4B-00C04F79EFBC}") = "Disposable", "Daily\0306\Disposable\Disposable.csproj", "{B0FC3431-FD0F-4CC1-8D90-5A8A749C1BB2}"
EndProject
Project("{FAE04EC0-301F-11D3-BF4B-00C04F79EFBC}") = "Disposable Example", "Daily\0306\Disposable Example\Disposable Example.csproj", "{525D1697-3E4D-4088-8CC8-CFC65F3F525E}"
EndProject
Project("{FAE04EC0-301F-11D3-BF4B-00C04F79EFBC}") = "HotReload", "Daily\0306\HotReload\HotReload.csproj", "{12A8244B-8C4D-4240-8DEB-1B5BD0AC9D4C}"
EndProject
Project("{FAE04EC0-301F-11D3-BF4B-00C04F79EFBC}") = "Debugger", "Daily\0306\Debugger\Debugger.csproj", "{564E1EEC-9276-4178-9E1A-54BA198BE690}"
EndProject
Project("{FAE04EC0-301F-11D3-BF4B-00C04F79EFBC}") = "Logging", "Daily\0306\Logging\Logging.csproj", "{107D75A7-4F65-4296-A84C-FCF66DDADB64}"
EndProject
Project("{2150E333-8FDC-42A3-9474-1A3956D46DE8}") = "0307", "0307", "{22A8DE6D-2FFB-491C-9E99-125B8F92778C}"
EndProject
Project("{FAE04EC0-301F-11D3-BF4B-00C04F79EFBC}") = "Multithreading", "Daily\0307\Multithreading\Multithreading.csproj", "{E61DAEB9-9119-4FD2-B0E0-2D6DCD3BD605}"
EndProject
Project("{FAE04EC0-301F-11D3-BF4B-00C04F79EFBC}") = "Task", "Daily\0307\Task\Task.csproj", "{59E1C617-A047-419B-89AC-E86719915EBB}"
EndProject
Project("{2150E333-8FDC-42A3-9474-1A3956D46DE8}") = "0308", "0308", "{9AB4CFBB-B565-45CB-848E-503AF07A90D3}"
EndProject
Project("{FAE04EC0-301F-11D3-BF4B-00C04F79EFBC}") = "Cancelation Token", "Daily\0308\Cancelation Token\Cancelation Token.csproj", "{E2373C28-D527-4451-A1A2-3DE84EDF5530}"
EndProject
Project("{FAE04EC0-301F-11D3-BF4B-00C04F79EFBC}") = "Thread vs Task vs Async Await", "Daily\0308\Thread vs Task vs Async Await\Thread vs Task vs Async Await.csproj", "{9936D99C-654A-48AB-BD63-13D54BCF4DD2}"
EndProject
Project("{FAE04EC0-301F-11D3-BF4B-00C04F79EFBC}") = "Deadlock", "Daily\0308\Deadlock\Deadlock.csproj", "{CDAD904B-EC3E-494A-9251-A50B3E9F0DB1}"
EndProject
Project("{FAE04EC0-301F-11D3-BF4B-00C04F79EFBC}") = "Lock Mechanism", "Daily\0308\Lock Mechanism\Lock Mechanism.csproj", "{47ECD883-D873-415A-BAF7-9BAA6F738E9B}"
EndProject
Project("{FAE04EC0-301F-11D3-BF4B-00C04F79EFBC}") = "Semaphore", "Daily\0308\Semaphore\Semaphore.csproj", "{E6EEA1E5-C600-4C7D-BE48-983B85959C03}"
EndProject
Project("{2150E333-8FDC-42A3-9474-1A3956D46DE8}") = "0312", "0312", "{E0B6E519-DCB7-45C9-A455-EF4FFCD91D61}"
EndProject
Project("{FAE04EC0-301F-11D3-BF4B-00C04F79EFBC}") = "DataContract", "Daily\0312\DataContract\DataContract.csproj", "{6B7A2B89-DC3C-413F-B344-6FC986096234}"
EndProject
Project("{FAE04EC0-301F-11D3-BF4B-00C04F79EFBC}") = "FileStream Read", "Daily\0312\FileStream Read\FileStream Read.csproj", "{4BD2D12C-8BD2-4756-85AB-6B42D8847D32}"
EndProject
Project("{FAE04EC0-301F-11D3-BF4B-00C04F79EFBC}") = "FileStream Write", "Daily\0312\FileStream Write\FileStream Write.csproj", "{87F73B19-721E-4CBE-B7DF-1C6ABD5BBDF4}"
EndProject
Project("{FAE04EC0-301F-11D3-BF4B-00C04F79EFBC}") = "Serializers", "Daily\0312\Serializers\Serializers.csproj", "{06DBB683-3910-4AC7-95F7-2E80399F1E76}"
EndProject
Project("{FAE04EC0-301F-11D3-BF4B-00C04F79EFBC}") = "StreamWriter and StreamReader", "Daily\0312\StreamWriter and StreamReader\StreamWriter and StreamReader.csproj", "{F8F8643D-DF3E-4D40-B451-EC6536172828}"
EndProject
Global
	GlobalSection(SolutionConfigurationPlatforms) = preSolution
		Debug|Any CPU = Debug|Any CPU
		Release|Any CPU = Release|Any CPU
	EndGlobalSection
	GlobalSection(SolutionProperties) = preSolution
		HideSolutionNode = FALSE
	EndGlobalSection
	GlobalSection(ProjectConfigurationPlatforms) = postSolution
		{E9B0ACAB-70FE-4178-B424-D338377C7215}.Debug|Any CPU.ActiveCfg = Debug|Any CPU
		{E9B0ACAB-70FE-4178-B424-D338377C7215}.Debug|Any CPU.Build.0 = Debug|Any CPU
		{E9B0ACAB-70FE-4178-B424-D338377C7215}.Release|Any CPU.ActiveCfg = Release|Any CPU
		{E9B0ACAB-70FE-4178-B424-D338377C7215}.Release|Any CPU.Build.0 = Release|Any CPU
		{9441735C-A8DE-4ABC-A7D1-1CD74D28D4D4}.Debug|Any CPU.ActiveCfg = Debug|Any CPU
		{9441735C-A8DE-4ABC-A7D1-1CD74D28D4D4}.Debug|Any CPU.Build.0 = Debug|Any CPU
		{9441735C-A8DE-4ABC-A7D1-1CD74D28D4D4}.Release|Any CPU.ActiveCfg = Release|Any CPU
		{9441735C-A8DE-4ABC-A7D1-1CD74D28D4D4}.Release|Any CPU.Build.0 = Release|Any CPU
		{179D7B23-CD0E-4A32-8BC0-69535906C03E}.Debug|Any CPU.ActiveCfg = Debug|Any CPU
		{179D7B23-CD0E-4A32-8BC0-69535906C03E}.Debug|Any CPU.Build.0 = Debug|Any CPU
		{179D7B23-CD0E-4A32-8BC0-69535906C03E}.Release|Any CPU.ActiveCfg = Release|Any CPU
		{179D7B23-CD0E-4A32-8BC0-69535906C03E}.Release|Any CPU.Build.0 = Release|Any CPU
		{C1D09BCD-6E7A-4E5D-BBA1-862ED6F9B5E3}.Debug|Any CPU.ActiveCfg = Debug|Any CPU
		{C1D09BCD-6E7A-4E5D-BBA1-862ED6F9B5E3}.Debug|Any CPU.Build.0 = Debug|Any CPU
		{C1D09BCD-6E7A-4E5D-BBA1-862ED6F9B5E3}.Release|Any CPU.ActiveCfg = Release|Any CPU
		{C1D09BCD-6E7A-4E5D-BBA1-862ED6F9B5E3}.Release|Any CPU.Build.0 = Release|Any CPU
		{1DD0EA23-7AAC-40CF-9EF7-3470599F1681}.Debug|Any CPU.ActiveCfg = Debug|Any CPU
		{1DD0EA23-7AAC-40CF-9EF7-3470599F1681}.Debug|Any CPU.Build.0 = Debug|Any CPU
		{1DD0EA23-7AAC-40CF-9EF7-3470599F1681}.Release|Any CPU.ActiveCfg = Release|Any CPU
		{1DD0EA23-7AAC-40CF-9EF7-3470599F1681}.Release|Any CPU.Build.0 = Release|Any CPU
		{D484FABA-2C12-4369-98D5-FF85CF29EB15}.Debug|Any CPU.ActiveCfg = Debug|Any CPU
		{D484FABA-2C12-4369-98D5-FF85CF29EB15}.Debug|Any CPU.Build.0 = Debug|Any CPU
		{D484FABA-2C12-4369-98D5-FF85CF29EB15}.Release|Any CPU.ActiveCfg = Release|Any CPU
		{D484FABA-2C12-4369-98D5-FF85CF29EB15}.Release|Any CPU.Build.0 = Release|Any CPU
		{463B6A0F-BDFB-491D-A328-02A1C6147CA3}.Debug|Any CPU.ActiveCfg = Debug|Any CPU
		{463B6A0F-BDFB-491D-A328-02A1C6147CA3}.Debug|Any CPU.Build.0 = Debug|Any CPU
		{463B6A0F-BDFB-491D-A328-02A1C6147CA3}.Release|Any CPU.ActiveCfg = Release|Any CPU
		{463B6A0F-BDFB-491D-A328-02A1C6147CA3}.Release|Any CPU.Build.0 = Release|Any CPU
		{2D04B1EB-8F20-48B7-BAA0-3C03F66FAF3D}.Debug|Any CPU.ActiveCfg = Debug|Any CPU
		{2D04B1EB-8F20-48B7-BAA0-3C03F66FAF3D}.Debug|Any CPU.Build.0 = Debug|Any CPU
		{2D04B1EB-8F20-48B7-BAA0-3C03F66FAF3D}.Release|Any CPU.ActiveCfg = Release|Any CPU
		{2D04B1EB-8F20-48B7-BAA0-3C03F66FAF3D}.Release|Any CPU.Build.0 = Release|Any CPU
		{4A21CC8A-23D5-4DA5-8A52-B3C8CF694F4E}.Debug|Any CPU.ActiveCfg = Debug|Any CPU
		{4A21CC8A-23D5-4DA5-8A52-B3C8CF694F4E}.Debug|Any CPU.Build.0 = Debug|Any CPU
		{4A21CC8A-23D5-4DA5-8A52-B3C8CF694F4E}.Release|Any CPU.ActiveCfg = Release|Any CPU
		{4A21CC8A-23D5-4DA5-8A52-B3C8CF694F4E}.Release|Any CPU.Build.0 = Release|Any CPU
		{180F95A6-8B01-4CBD-AD84-562233E728A3}.Debug|Any CPU.ActiveCfg = Debug|Any CPU
		{180F95A6-8B01-4CBD-AD84-562233E728A3}.Debug|Any CPU.Build.0 = Debug|Any CPU
		{180F95A6-8B01-4CBD-AD84-562233E728A3}.Release|Any CPU.ActiveCfg = Release|Any CPU
		{180F95A6-8B01-4CBD-AD84-562233E728A3}.Release|Any CPU.Build.0 = Release|Any CPU
		{3945EBFB-C6C0-4A20-8B27-CCAEE7D1D96B}.Debug|Any CPU.ActiveCfg = Debug|Any CPU
		{3945EBFB-C6C0-4A20-8B27-CCAEE7D1D96B}.Debug|Any CPU.Build.0 = Debug|Any CPU
		{3945EBFB-C6C0-4A20-8B27-CCAEE7D1D96B}.Release|Any CPU.ActiveCfg = Release|Any CPU
		{3945EBFB-C6C0-4A20-8B27-CCAEE7D1D96B}.Release|Any CPU.Build.0 = Release|Any CPU
		{DA8A5564-D1C1-45D4-820F-4EBFA5E7A76A}.Debug|Any CPU.ActiveCfg = Debug|Any CPU
		{DA8A5564-D1C1-45D4-820F-4EBFA5E7A76A}.Debug|Any CPU.Build.0 = Debug|Any CPU
		{DA8A5564-D1C1-45D4-820F-4EBFA5E7A76A}.Release|Any CPU.ActiveCfg = Release|Any CPU
		{DA8A5564-D1C1-45D4-820F-4EBFA5E7A76A}.Release|Any CPU.Build.0 = Release|Any CPU
		{C02CC31F-1278-444F-9143-486F35168606}.Debug|Any CPU.ActiveCfg = Debug|Any CPU
		{C02CC31F-1278-444F-9143-486F35168606}.Debug|Any CPU.Build.0 = Debug|Any CPU
		{C02CC31F-1278-444F-9143-486F35168606}.Release|Any CPU.ActiveCfg = Release|Any CPU
		{C02CC31F-1278-444F-9143-486F35168606}.Release|Any CPU.Build.0 = Release|Any CPU
		{59287D3F-8CDE-4D13-9C77-FEA96AE078D7}.Debug|Any CPU.ActiveCfg = Debug|Any CPU
		{59287D3F-8CDE-4D13-9C77-FEA96AE078D7}.Debug|Any CPU.Build.0 = Debug|Any CPU
		{59287D3F-8CDE-4D13-9C77-FEA96AE078D7}.Release|Any CPU.ActiveCfg = Release|Any CPU
		{59287D3F-8CDE-4D13-9C77-FEA96AE078D7}.Release|Any CPU.Build.0 = Release|Any CPU
		{700CB6A0-4DBF-4703-A430-DBD4F7E5B3DD}.Debug|Any CPU.ActiveCfg = Debug|Any CPU
		{700CB6A0-4DBF-4703-A430-DBD4F7E5B3DD}.Debug|Any CPU.Build.0 = Debug|Any CPU
		{700CB6A0-4DBF-4703-A430-DBD4F7E5B3DD}.Release|Any CPU.ActiveCfg = Release|Any CPU
		{700CB6A0-4DBF-4703-A430-DBD4F7E5B3DD}.Release|Any CPU.Build.0 = Release|Any CPU
		{7BDCFC6D-7BC5-4FB2-91DF-26A234A9603F}.Debug|Any CPU.ActiveCfg = Debug|Any CPU
		{7BDCFC6D-7BC5-4FB2-91DF-26A234A9603F}.Debug|Any CPU.Build.0 = Debug|Any CPU
		{7BDCFC6D-7BC5-4FB2-91DF-26A234A9603F}.Release|Any CPU.ActiveCfg = Release|Any CPU
		{7BDCFC6D-7BC5-4FB2-91DF-26A234A9603F}.Release|Any CPU.Build.0 = Release|Any CPU
		{C6C8C802-7053-4B43-AE5C-2B75FC1A2C57}.Debug|Any CPU.ActiveCfg = Debug|Any CPU
		{C6C8C802-7053-4B43-AE5C-2B75FC1A2C57}.Debug|Any CPU.Build.0 = Debug|Any CPU
		{C6C8C802-7053-4B43-AE5C-2B75FC1A2C57}.Release|Any CPU.ActiveCfg = Release|Any CPU
		{C6C8C802-7053-4B43-AE5C-2B75FC1A2C57}.Release|Any CPU.Build.0 = Release|Any CPU
		{11E4E4DC-B1D5-4851-9918-7552C988F42F}.Debug|Any CPU.ActiveCfg = Debug|Any CPU
		{11E4E4DC-B1D5-4851-9918-7552C988F42F}.Debug|Any CPU.Build.0 = Debug|Any CPU
		{11E4E4DC-B1D5-4851-9918-7552C988F42F}.Release|Any CPU.ActiveCfg = Release|Any CPU
		{11E4E4DC-B1D5-4851-9918-7552C988F42F}.Release|Any CPU.Build.0 = Release|Any CPU
		{F2FFF3F8-4E73-4EBA-9B64-467744B97D04}.Debug|Any CPU.ActiveCfg = Debug|Any CPU
		{F2FFF3F8-4E73-4EBA-9B64-467744B97D04}.Debug|Any CPU.Build.0 = Debug|Any CPU
		{F2FFF3F8-4E73-4EBA-9B64-467744B97D04}.Release|Any CPU.ActiveCfg = Release|Any CPU
		{F2FFF3F8-4E73-4EBA-9B64-467744B97D04}.Release|Any CPU.Build.0 = Release|Any CPU
		{DA9B9C81-E454-4720-BB11-7B9A765FE6E9}.Debug|Any CPU.ActiveCfg = Debug|Any CPU
		{DA9B9C81-E454-4720-BB11-7B9A765FE6E9}.Debug|Any CPU.Build.0 = Debug|Any CPU
		{DA9B9C81-E454-4720-BB11-7B9A765FE6E9}.Release|Any CPU.ActiveCfg = Release|Any CPU
		{DA9B9C81-E454-4720-BB11-7B9A765FE6E9}.Release|Any CPU.Build.0 = Release|Any CPU
		{71C2AD78-ED04-4F68-8725-D1556844007C}.Debug|Any CPU.ActiveCfg = Debug|Any CPU
		{71C2AD78-ED04-4F68-8725-D1556844007C}.Debug|Any CPU.Build.0 = Debug|Any CPU
		{71C2AD78-ED04-4F68-8725-D1556844007C}.Release|Any CPU.ActiveCfg = Release|Any CPU
		{71C2AD78-ED04-4F68-8725-D1556844007C}.Release|Any CPU.Build.0 = Release|Any CPU
		{0D23CE20-ECB8-44A5-92E7-00EDBB6EC6A4}.Debug|Any CPU.ActiveCfg = Debug|Any CPU
		{0D23CE20-ECB8-44A5-92E7-00EDBB6EC6A4}.Debug|Any CPU.Build.0 = Debug|Any CPU
		{0D23CE20-ECB8-44A5-92E7-00EDBB6EC6A4}.Release|Any CPU.ActiveCfg = Release|Any CPU
		{0D23CE20-ECB8-44A5-92E7-00EDBB6EC6A4}.Release|Any CPU.Build.0 = Release|Any CPU
		{7AD0C44C-7F1C-4373-BF58-D33E24C92F0A}.Debug|Any CPU.ActiveCfg = Debug|Any CPU
		{7AD0C44C-7F1C-4373-BF58-D33E24C92F0A}.Debug|Any CPU.Build.0 = Debug|Any CPU
		{7AD0C44C-7F1C-4373-BF58-D33E24C92F0A}.Release|Any CPU.ActiveCfg = Release|Any CPU
		{7AD0C44C-7F1C-4373-BF58-D33E24C92F0A}.Release|Any CPU.Build.0 = Release|Any CPU
		{0848D07A-4FC5-473C-9469-516BE148AE44}.Debug|Any CPU.ActiveCfg = Debug|Any CPU
		{0848D07A-4FC5-473C-9469-516BE148AE44}.Debug|Any CPU.Build.0 = Debug|Any CPU
		{0848D07A-4FC5-473C-9469-516BE148AE44}.Release|Any CPU.ActiveCfg = Release|Any CPU
		{0848D07A-4FC5-473C-9469-516BE148AE44}.Release|Any CPU.Build.0 = Release|Any CPU
		{D30F9652-70FE-43D9-B390-392DEC0DAFDC}.Debug|Any CPU.ActiveCfg = Debug|Any CPU
		{D30F9652-70FE-43D9-B390-392DEC0DAFDC}.Debug|Any CPU.Build.0 = Debug|Any CPU
		{D30F9652-70FE-43D9-B390-392DEC0DAFDC}.Release|Any CPU.ActiveCfg = Release|Any CPU
		{D30F9652-70FE-43D9-B390-392DEC0DAFDC}.Release|Any CPU.Build.0 = Release|Any CPU
		{4670A43F-92BF-4495-A76C-83AC8C9E800C}.Debug|Any CPU.ActiveCfg = Debug|Any CPU
		{4670A43F-92BF-4495-A76C-83AC8C9E800C}.Debug|Any CPU.Build.0 = Debug|Any CPU
		{4670A43F-92BF-4495-A76C-83AC8C9E800C}.Release|Any CPU.ActiveCfg = Release|Any CPU
		{4670A43F-92BF-4495-A76C-83AC8C9E800C}.Release|Any CPU.Build.0 = Release|Any CPU
		{6AA8F6DF-A7E7-4551-831D-4B58B457C8BD}.Debug|Any CPU.ActiveCfg = Debug|Any CPU
		{6AA8F6DF-A7E7-4551-831D-4B58B457C8BD}.Debug|Any CPU.Build.0 = Debug|Any CPU
		{6AA8F6DF-A7E7-4551-831D-4B58B457C8BD}.Release|Any CPU.ActiveCfg = Release|Any CPU
		{6AA8F6DF-A7E7-4551-831D-4B58B457C8BD}.Release|Any CPU.Build.0 = Release|Any CPU
		{75F0030B-2C0A-454A-BC41-7F9CB44F7DC7}.Debug|Any CPU.ActiveCfg = Debug|Any CPU
		{75F0030B-2C0A-454A-BC41-7F9CB44F7DC7}.Debug|Any CPU.Build.0 = Debug|Any CPU
		{75F0030B-2C0A-454A-BC41-7F9CB44F7DC7}.Release|Any CPU.ActiveCfg = Release|Any CPU
		{75F0030B-2C0A-454A-BC41-7F9CB44F7DC7}.Release|Any CPU.Build.0 = Release|Any CPU
		{B89EC827-CC56-4ECC-9A68-A2D725BF5914}.Debug|Any CPU.ActiveCfg = Debug|Any CPU
		{B89EC827-CC56-4ECC-9A68-A2D725BF5914}.Debug|Any CPU.Build.0 = Debug|Any CPU
		{B89EC827-CC56-4ECC-9A68-A2D725BF5914}.Release|Any CPU.ActiveCfg = Release|Any CPU
		{B89EC827-CC56-4ECC-9A68-A2D725BF5914}.Release|Any CPU.Build.0 = Release|Any CPU
		{3854373F-BF30-43DC-87C4-8FC6BF298860}.Debug|Any CPU.ActiveCfg = Debug|Any CPU
		{3854373F-BF30-43DC-87C4-8FC6BF298860}.Debug|Any CPU.Build.0 = Debug|Any CPU
		{3854373F-BF30-43DC-87C4-8FC6BF298860}.Release|Any CPU.ActiveCfg = Release|Any CPU
		{3854373F-BF30-43DC-87C4-8FC6BF298860}.Release|Any CPU.Build.0 = Release|Any CPU
		{C467C6A5-476E-40E5-A82D-055621EEEDE9}.Debug|Any CPU.ActiveCfg = Debug|Any CPU
		{C467C6A5-476E-40E5-A82D-055621EEEDE9}.Debug|Any CPU.Build.0 = Debug|Any CPU
		{C467C6A5-476E-40E5-A82D-055621EEEDE9}.Release|Any CPU.ActiveCfg = Release|Any CPU
		{C467C6A5-476E-40E5-A82D-055621EEEDE9}.Release|Any CPU.Build.0 = Release|Any CPU
		{8A5C6A3D-D1FA-465B-B725-7239FA258149}.Debug|Any CPU.ActiveCfg = Debug|Any CPU
		{8A5C6A3D-D1FA-465B-B725-7239FA258149}.Debug|Any CPU.Build.0 = Debug|Any CPU
		{8A5C6A3D-D1FA-465B-B725-7239FA258149}.Release|Any CPU.ActiveCfg = Release|Any CPU
		{8A5C6A3D-D1FA-465B-B725-7239FA258149}.Release|Any CPU.Build.0 = Release|Any CPU
		{B0FC3431-FD0F-4CC1-8D90-5A8A749C1BB2}.Debug|Any CPU.ActiveCfg = Debug|Any CPU
		{B0FC3431-FD0F-4CC1-8D90-5A8A749C1BB2}.Debug|Any CPU.Build.0 = Debug|Any CPU
		{B0FC3431-FD0F-4CC1-8D90-5A8A749C1BB2}.Release|Any CPU.ActiveCfg = Release|Any CPU
		{B0FC3431-FD0F-4CC1-8D90-5A8A749C1BB2}.Release|Any CPU.Build.0 = Release|Any CPU
		{525D1697-3E4D-4088-8CC8-CFC65F3F525E}.Debug|Any CPU.ActiveCfg = Debug|Any CPU
		{525D1697-3E4D-4088-8CC8-CFC65F3F525E}.Debug|Any CPU.Build.0 = Debug|Any CPU
		{525D1697-3E4D-4088-8CC8-CFC65F3F525E}.Release|Any CPU.ActiveCfg = Release|Any CPU
		{525D1697-3E4D-4088-8CC8-CFC65F3F525E}.Release|Any CPU.Build.0 = Release|Any CPU
		{12A8244B-8C4D-4240-8DEB-1B5BD0AC9D4C}.Debug|Any CPU.ActiveCfg = Debug|Any CPU
		{12A8244B-8C4D-4240-8DEB-1B5BD0AC9D4C}.Debug|Any CPU.Build.0 = Debug|Any CPU
		{12A8244B-8C4D-4240-8DEB-1B5BD0AC9D4C}.Release|Any CPU.ActiveCfg = Release|Any CPU
		{12A8244B-8C4D-4240-8DEB-1B5BD0AC9D4C}.Release|Any CPU.Build.0 = Release|Any CPU
		{564E1EEC-9276-4178-9E1A-54BA198BE690}.Debug|Any CPU.ActiveCfg = Debug|Any CPU
		{564E1EEC-9276-4178-9E1A-54BA198BE690}.Debug|Any CPU.Build.0 = Debug|Any CPU
		{564E1EEC-9276-4178-9E1A-54BA198BE690}.Release|Any CPU.ActiveCfg = Release|Any CPU
		{564E1EEC-9276-4178-9E1A-54BA198BE690}.Release|Any CPU.Build.0 = Release|Any CPU
		{107D75A7-4F65-4296-A84C-FCF66DDADB64}.Debug|Any CPU.ActiveCfg = Debug|Any CPU
		{107D75A7-4F65-4296-A84C-FCF66DDADB64}.Debug|Any CPU.Build.0 = Debug|Any CPU
		{107D75A7-4F65-4296-A84C-FCF66DDADB64}.Release|Any CPU.ActiveCfg = Release|Any CPU
		{107D75A7-4F65-4296-A84C-FCF66DDADB64}.Release|Any CPU.Build.0 = Release|Any CPU
		{E61DAEB9-9119-4FD2-B0E0-2D6DCD3BD605}.Debug|Any CPU.ActiveCfg = Debug|Any CPU
		{E61DAEB9-9119-4FD2-B0E0-2D6DCD3BD605}.Debug|Any CPU.Build.0 = Debug|Any CPU
		{E61DAEB9-9119-4FD2-B0E0-2D6DCD3BD605}.Release|Any CPU.ActiveCfg = Release|Any CPU
		{E61DAEB9-9119-4FD2-B0E0-2D6DCD3BD605}.Release|Any CPU.Build.0 = Release|Any CPU
		{59E1C617-A047-419B-89AC-E86719915EBB}.Debug|Any CPU.ActiveCfg = Debug|Any CPU
		{59E1C617-A047-419B-89AC-E86719915EBB}.Debug|Any CPU.Build.0 = Debug|Any CPU
		{59E1C617-A047-419B-89AC-E86719915EBB}.Release|Any CPU.ActiveCfg = Release|Any CPU
		{59E1C617-A047-419B-89AC-E86719915EBB}.Release|Any CPU.Build.0 = Release|Any CPU
		{E2373C28-D527-4451-A1A2-3DE84EDF5530}.Debug|Any CPU.ActiveCfg = Debug|Any CPU
		{E2373C28-D527-4451-A1A2-3DE84EDF5530}.Debug|Any CPU.Build.0 = Debug|Any CPU
		{E2373C28-D527-4451-A1A2-3DE84EDF5530}.Release|Any CPU.ActiveCfg = Release|Any CPU
		{E2373C28-D527-4451-A1A2-3DE84EDF5530}.Release|Any CPU.Build.0 = Release|Any CPU
		{9936D99C-654A-48AB-BD63-13D54BCF4DD2}.Debug|Any CPU.ActiveCfg = Debug|Any CPU
		{9936D99C-654A-48AB-BD63-13D54BCF4DD2}.Debug|Any CPU.Build.0 = Debug|Any CPU
		{9936D99C-654A-48AB-BD63-13D54BCF4DD2}.Release|Any CPU.ActiveCfg = Release|Any CPU
		{9936D99C-654A-48AB-BD63-13D54BCF4DD2}.Release|Any CPU.Build.0 = Release|Any CPU
		{CDAD904B-EC3E-494A-9251-A50B3E9F0DB1}.Debug|Any CPU.ActiveCfg = Debug|Any CPU
		{CDAD904B-EC3E-494A-9251-A50B3E9F0DB1}.Debug|Any CPU.Build.0 = Debug|Any CPU
		{CDAD904B-EC3E-494A-9251-A50B3E9F0DB1}.Release|Any CPU.ActiveCfg = Release|Any CPU
		{CDAD904B-EC3E-494A-9251-A50B3E9F0DB1}.Release|Any CPU.Build.0 = Release|Any CPU
		{47ECD883-D873-415A-BAF7-9BAA6F738E9B}.Debug|Any CPU.ActiveCfg = Debug|Any CPU
		{47ECD883-D873-415A-BAF7-9BAA6F738E9B}.Debug|Any CPU.Build.0 = Debug|Any CPU
		{47ECD883-D873-415A-BAF7-9BAA6F738E9B}.Release|Any CPU.ActiveCfg = Release|Any CPU
		{47ECD883-D873-415A-BAF7-9BAA6F738E9B}.Release|Any CPU.Build.0 = Release|Any CPU
		{E6EEA1E5-C600-4C7D-BE48-983B85959C03}.Debug|Any CPU.ActiveCfg = Debug|Any CPU
		{E6EEA1E5-C600-4C7D-BE48-983B85959C03}.Debug|Any CPU.Build.0 = Debug|Any CPU
		{E6EEA1E5-C600-4C7D-BE48-983B85959C03}.Release|Any CPU.ActiveCfg = Release|Any CPU
		{E6EEA1E5-C600-4C7D-BE48-983B85959C03}.Release|Any CPU.Build.0 = Release|Any CPU
		{6B7A2B89-DC3C-413F-B344-6FC986096234}.Debug|Any CPU.ActiveCfg = Debug|Any CPU
		{6B7A2B89-DC3C-413F-B344-6FC986096234}.Debug|Any CPU.Build.0 = Debug|Any CPU
		{6B7A2B89-DC3C-413F-B344-6FC986096234}.Release|Any CPU.ActiveCfg = Release|Any CPU
		{6B7A2B89-DC3C-413F-B344-6FC986096234}.Release|Any CPU.Build.0 = Release|Any CPU
		{4BD2D12C-8BD2-4756-85AB-6B42D8847D32}.Debug|Any CPU.ActiveCfg = Debug|Any CPU
		{4BD2D12C-8BD2-4756-85AB-6B42D8847D32}.Debug|Any CPU.Build.0 = Debug|Any CPU
		{4BD2D12C-8BD2-4756-85AB-6B42D8847D32}.Release|Any CPU.ActiveCfg = Release|Any CPU
		{4BD2D12C-8BD2-4756-85AB-6B42D8847D32}.Release|Any CPU.Build.0 = Release|Any CPU
		{87F73B19-721E-4CBE-B7DF-1C6ABD5BBDF4}.Debug|Any CPU.ActiveCfg = Debug|Any CPU
		{87F73B19-721E-4CBE-B7DF-1C6ABD5BBDF4}.Debug|Any CPU.Build.0 = Debug|Any CPU
		{87F73B19-721E-4CBE-B7DF-1C6ABD5BBDF4}.Release|Any CPU.ActiveCfg = Release|Any CPU
		{87F73B19-721E-4CBE-B7DF-1C6ABD5BBDF4}.Release|Any CPU.Build.0 = Release|Any CPU
		{06DBB683-3910-4AC7-95F7-2E80399F1E76}.Debug|Any CPU.ActiveCfg = Debug|Any CPU
		{06DBB683-3910-4AC7-95F7-2E80399F1E76}.Debug|Any CPU.Build.0 = Debug|Any CPU
		{06DBB683-3910-4AC7-95F7-2E80399F1E76}.Release|Any CPU.ActiveCfg = Release|Any CPU
		{06DBB683-3910-4AC7-95F7-2E80399F1E76}.Release|Any CPU.Build.0 = Release|Any CPU
		{F8F8643D-DF3E-4D40-B451-EC6536172828}.Debug|Any CPU.ActiveCfg = Debug|Any CPU
		{F8F8643D-DF3E-4D40-B451-EC6536172828}.Debug|Any CPU.Build.0 = Debug|Any CPU
		{F8F8643D-DF3E-4D40-B451-EC6536172828}.Release|Any CPU.ActiveCfg = Release|Any CPU
		{F8F8643D-DF3E-4D40-B451-EC6536172828}.Release|Any CPU.Build.0 = Release|Any CPU
	EndGlobalSection
	GlobalSection(NestedProjects) = preSolution
		{09816E6C-CEB9-45BE-82B9-9BEE77D771AA} = {A948251B-EB74-48B2-BD19-D7C3C459CDC6}
		{E9B0ACAB-70FE-4178-B424-D338377C7215} = {09816E6C-CEB9-45BE-82B9-9BEE77D771AA}
		{9441735C-A8DE-4ABC-A7D1-1CD74D28D4D4} = {09816E6C-CEB9-45BE-82B9-9BEE77D771AA}
		{179D7B23-CD0E-4A32-8BC0-69535906C03E} = {09816E6C-CEB9-45BE-82B9-9BEE77D771AA}
		{02A82892-AB19-40BB-94FD-62ECF124144B} = {A948251B-EB74-48B2-BD19-D7C3C459CDC6}
		{C1D09BCD-6E7A-4E5D-BBA1-862ED6F9B5E3} = {02A82892-AB19-40BB-94FD-62ECF124144B}
		{1DD0EA23-7AAC-40CF-9EF7-3470599F1681} = {02A82892-AB19-40BB-94FD-62ECF124144B}
		{D484FABA-2C12-4369-98D5-FF85CF29EB15} = {02A82892-AB19-40BB-94FD-62ECF124144B}
		{E46E9DEA-4743-4352-BE4A-663D8585A950} = {A948251B-EB74-48B2-BD19-D7C3C459CDC6}
		{463B6A0F-BDFB-491D-A328-02A1C6147CA3} = {E46E9DEA-4743-4352-BE4A-663D8585A950}
		{2D04B1EB-8F20-48B7-BAA0-3C03F66FAF3D} = {E46E9DEA-4743-4352-BE4A-663D8585A950}
		{4A21CC8A-23D5-4DA5-8A52-B3C8CF694F4E} = {E46E9DEA-4743-4352-BE4A-663D8585A950}
		{180F95A6-8B01-4CBD-AD84-562233E728A3} = {E46E9DEA-4743-4352-BE4A-663D8585A950}
		{3945EBFB-C6C0-4A20-8B27-CCAEE7D1D96B} = {E46E9DEA-4743-4352-BE4A-663D8585A950}
		{DA8A5564-D1C1-45D4-820F-4EBFA5E7A76A} = {E46E9DEA-4743-4352-BE4A-663D8585A950}
		{C02CC31F-1278-444F-9143-486F35168606} = {E46E9DEA-4743-4352-BE4A-663D8585A950}
		{11D50CAF-C8D7-49C6-929F-D41BC15CDFE2} = {A948251B-EB74-48B2-BD19-D7C3C459CDC6}
		{59287D3F-8CDE-4D13-9C77-FEA96AE078D7} = {11D50CAF-C8D7-49C6-929F-D41BC15CDFE2}
		{700CB6A0-4DBF-4703-A430-DBD4F7E5B3DD} = {11D50CAF-C8D7-49C6-929F-D41BC15CDFE2}
		{7BDCFC6D-7BC5-4FB2-91DF-26A234A9603F} = {11D50CAF-C8D7-49C6-929F-D41BC15CDFE2}
		{C6C8C802-7053-4B43-AE5C-2B75FC1A2C57} = {11D50CAF-C8D7-49C6-929F-D41BC15CDFE2}
		{11E4E4DC-B1D5-4851-9918-7552C988F42F} = {11D50CAF-C8D7-49C6-929F-D41BC15CDFE2}
		{F2FFF3F8-4E73-4EBA-9B64-467744B97D04} = {11D50CAF-C8D7-49C6-929F-D41BC15CDFE2}
		{F2103B0F-13B4-408B-86BB-6DAFBF8A0C48} = {A948251B-EB74-48B2-BD19-D7C3C459CDC6}
		{DA9B9C81-E454-4720-BB11-7B9A765FE6E9} = {F2103B0F-13B4-408B-86BB-6DAFBF8A0C48}
		{71C2AD78-ED04-4F68-8725-D1556844007C} = {F2103B0F-13B4-408B-86BB-6DAFBF8A0C48}
		{0D23CE20-ECB8-44A5-92E7-00EDBB6EC6A4} = {F2103B0F-13B4-408B-86BB-6DAFBF8A0C48}
		{10A3B1EA-316C-4DD1-BAEC-B8A73C32510A} = {A948251B-EB74-48B2-BD19-D7C3C459CDC6}
		{7AD0C44C-7F1C-4373-BF58-D33E24C92F0A} = {10A3B1EA-316C-4DD1-BAEC-B8A73C32510A}
		{0848D07A-4FC5-473C-9469-516BE148AE44} = {CE888572-B4D1-4994-88ED-A923BECB38F3}
		{D30F9652-70FE-43D9-B390-392DEC0DAFDC} = {10A3B1EA-316C-4DD1-BAEC-B8A73C32510A}
		{4670A43F-92BF-4495-A76C-83AC8C9E800C} = {10A3B1EA-316C-4DD1-BAEC-B8A73C32510A}
		{6AA8F6DF-A7E7-4551-831D-4B58B457C8BD} = {10A3B1EA-316C-4DD1-BAEC-B8A73C32510A}
		{3B3BD4C1-CB11-4B9F-AE2D-562E953E13C3} = {A948251B-EB74-48B2-BD19-D7C3C459CDC6}
		{75F0030B-2C0A-454A-BC41-7F9CB44F7DC7} = {3B3BD4C1-CB11-4B9F-AE2D-562E953E13C3}
		{B89EC827-CC56-4ECC-9A68-A2D725BF5914} = {3B3BD4C1-CB11-4B9F-AE2D-562E953E13C3}
		{3854373F-BF30-43DC-87C4-8FC6BF298860} = {3B3BD4C1-CB11-4B9F-AE2D-562E953E13C3}
		{C467C6A5-476E-40E5-A82D-055621EEEDE9} = {3B3BD4C1-CB11-4B9F-AE2D-562E953E13C3}
		{8A5C6A3D-D1FA-465B-B725-7239FA258149} = {3B3BD4C1-CB11-4B9F-AE2D-562E953E13C3}
		{9237426E-8458-4A1D-95D3-9F7FEBAFFD40} = {A948251B-EB74-48B2-BD19-D7C3C459CDC6}
		{B0FC3431-FD0F-4CC1-8D90-5A8A749C1BB2} = {9237426E-8458-4A1D-95D3-9F7FEBAFFD40}
		{525D1697-3E4D-4088-8CC8-CFC65F3F525E} = {9237426E-8458-4A1D-95D3-9F7FEBAFFD40}
		{12A8244B-8C4D-4240-8DEB-1B5BD0AC9D4C} = {9237426E-8458-4A1D-95D3-9F7FEBAFFD40}
		{564E1EEC-9276-4178-9E1A-54BA198BE690} = {9237426E-8458-4A1D-95D3-9F7FEBAFFD40}
		{107D75A7-4F65-4296-A84C-FCF66DDADB64} = {9237426E-8458-4A1D-95D3-9F7FEBAFFD40}
		{22A8DE6D-2FFB-491C-9E99-125B8F92778C} = {A948251B-EB74-48B2-BD19-D7C3C459CDC6}
		{E61DAEB9-9119-4FD2-B0E0-2D6DCD3BD605} = {22A8DE6D-2FFB-491C-9E99-125B8F92778C}
		{59E1C617-A047-419B-89AC-E86719915EBB} = {22A8DE6D-2FFB-491C-9E99-125B8F92778C}
		{9AB4CFBB-B565-45CB-848E-503AF07A90D3} = {A948251B-EB74-48B2-BD19-D7C3C459CDC6}
		{E2373C28-D527-4451-A1A2-3DE84EDF5530} = {9AB4CFBB-B565-45CB-848E-503AF07A90D3}
		{9936D99C-654A-48AB-BD63-13D54BCF4DD2} = {9AB4CFBB-B565-45CB-848E-503AF07A90D3}
		{CDAD904B-EC3E-494A-9251-A50B3E9F0DB1} = {9AB4CFBB-B565-45CB-848E-503AF07A90D3}
		{47ECD883-D873-415A-BAF7-9BAA6F738E9B} = {9AB4CFBB-B565-45CB-848E-503AF07A90D3}
		{E6EEA1E5-C600-4C7D-BE48-983B85959C03} = {9AB4CFBB-B565-45CB-848E-503AF07A90D3}
		{E0B6E519-DCB7-45C9-A455-EF4FFCD91D61} = {A948251B-EB74-48B2-BD19-D7C3C459CDC6}
		{6B7A2B89-DC3C-413F-B344-6FC986096234} = {E0B6E519-DCB7-45C9-A455-EF4FFCD91D61}
		{4BD2D12C-8BD2-4756-85AB-6B42D8847D32} = {E0B6E519-DCB7-45C9-A455-EF4FFCD91D61}
		{87F73B19-721E-4CBE-B7DF-1C6ABD5BBDF4} = {E0B6E519-DCB7-45C9-A455-EF4FFCD91D61}
		{06DBB683-3910-4AC7-95F7-2E80399F1E76} = {E0B6E519-DCB7-45C9-A455-EF4FFCD91D61}
		{F8F8643D-DF3E-4D40-B451-EC6536172828} = {E0B6E519-DCB7-45C9-A455-EF4FFCD91D61}
	EndGlobalSection
EndGlobal
