
Microsoft Visual Studio Solution File, Format Version 12.00
# Visual Studio Version 17
VisualStudioVersion = 17.0.31903.59
MinimumVisualStudioVersion = 10.0.40219.1
Project("{2150E333-8FDC-42A3-9474-1A3956D46DE8}") = "Daily", "Daily", "{A5022DB9-1F98-441D-8558-B6432D00017E}"
EndProject
Project("{2150E333-8FDC-42A3-9474-1A3956D46DE8}") = "2002", "2002", "{F4E79437-6477-4C96-A003-5161DAEB882A}"
EndProject
Project("{2150E333-8FDC-42A3-9474-1A3956D46DE8}") = "1902", "1902", "{A36986D2-24BB-4DB5-96D1-7D1FD3855962}"
EndProject
Project("{FAE04EC0-301F-11D3-BF4B-00C04F79EFBC}") = "Calculator", "Daily\1902\Calculator\Calculator.csproj", "{289D11FB-1B50-4755-8D17-312594FA95E8}"
EndProject
Project("{FAE04EC0-301F-11D3-BF4B-00C04F79EFBC}") = "ProjectA", "Daily\1902\ProjectA\ProjectA.csproj", "{291AEE75-7F77-475E-A2CC-9EC9341B3724}"
EndProject
Project("{FAE04EC0-301F-11D3-BF4B-00C04F79EFBC}") = "ProjectB", "Daily\1902\ProjectB\ProjectB.csproj", "{83E4A000-D10D-4C7A-9C00-5E1066834125}"
EndProject
Project("{FAE04EC0-301F-11D3-BF4B-00C04F79EFBC}") = "Car", "Daily\2002\Car\Car.csproj", "{DF79E7FE-BA94-466C-92F5-3A5A729B24EC}"
EndProject
Project("{FAE04EC0-301F-11D3-BF4B-00C04F79EFBC}") = "Constructor", "Daily\2002\Constructor\Constructor.csproj", "{15ED8549-4D61-4650-ACA2-48172026B3D6}"
EndProject
Project("{FAE04EC0-301F-11D3-BF4B-00C04F79EFBC}") = "Animals", "Daily\2002\Animals\Animals.csproj", "{C72CBF25-B436-40B4-8D8E-14187E9379F2}"
EndProject
Global
	GlobalSection(SolutionConfigurationPlatforms) = preSolution
		Debug|Any CPU = Debug|Any CPU
		Release|Any CPU = Release|Any CPU
	EndGlobalSection
	GlobalSection(SolutionProperties) = preSolution
		HideSolutionNode = FALSE
	EndGlobalSection
	GlobalSection(ProjectConfigurationPlatforms) = postSolution
		{289D11FB-1B50-4755-8D17-312594FA95E8}.Debug|Any CPU.ActiveCfg = Debug|Any CPU
		{289D11FB-1B50-4755-8D17-312594FA95E8}.Debug|Any CPU.Build.0 = Debug|Any CPU
		{289D11FB-1B50-4755-8D17-312594FA95E8}.Release|Any CPU.ActiveCfg = Release|Any CPU
		{289D11FB-1B50-4755-8D17-312594FA95E8}.Release|Any CPU.Build.0 = Release|Any CPU
		{291AEE75-7F77-475E-A2CC-9EC9341B3724}.Debug|Any CPU.ActiveCfg = Debug|Any CPU
		{291AEE75-7F77-475E-A2CC-9EC9341B3724}.Debug|Any CPU.Build.0 = Debug|Any CPU
		{291AEE75-7F77-475E-A2CC-9EC9341B3724}.Release|Any CPU.ActiveCfg = Release|Any CPU
		{291AEE75-7F77-475E-A2CC-9EC9341B3724}.Release|Any CPU.Build.0 = Release|Any CPU
		{83E4A000-D10D-4C7A-9C00-5E1066834125}.Debug|Any CPU.ActiveCfg = Debug|Any CPU
		{83E4A000-D10D-4C7A-9C00-5E1066834125}.Debug|Any CPU.Build.0 = Debug|Any CPU
		{83E4A000-D10D-4C7A-9C00-5E1066834125}.Release|Any CPU.ActiveCfg = Release|Any CPU
		{83E4A000-D10D-4C7A-9C00-5E1066834125}.Release|Any CPU.Build.0 = Release|Any CPU
		{DF79E7FE-BA94-466C-92F5-3A5A729B24EC}.Debug|Any CPU.ActiveCfg = Debug|Any CPU
		{DF79E7FE-BA94-466C-92F5-3A5A729B24EC}.Debug|Any CPU.Build.0 = Debug|Any CPU
		{DF79E7FE-BA94-466C-92F5-3A5A729B24EC}.Release|Any CPU.ActiveCfg = Release|Any CPU
		{DF79E7FE-BA94-466C-92F5-3A5A729B24EC}.Release|Any CPU.Build.0 = Release|Any CPU
		{15ED8549-4D61-4650-ACA2-48172026B3D6}.Debug|Any CPU.ActiveCfg = Debug|Any CPU
		{15ED8549-4D61-4650-ACA2-48172026B3D6}.Debug|Any CPU.Build.0 = Debug|Any CPU
		{15ED8549-4D61-4650-ACA2-48172026B3D6}.Release|Any CPU.ActiveCfg = Release|Any CPU
		{15ED8549-4D61-4650-ACA2-48172026B3D6}.Release|Any CPU.Build.0 = Release|Any CPU
		{C72CBF25-B436-40B4-8D8E-14187E9379F2}.Debug|Any CPU.ActiveCfg = Debug|Any CPU
		{C72CBF25-B436-40B4-8D8E-14187E9379F2}.Debug|Any CPU.Build.0 = Debug|Any CPU
		{C72CBF25-B436-40B4-8D8E-14187E9379F2}.Release|Any CPU.ActiveCfg = Release|Any CPU
		{C72CBF25-B436-40B4-8D8E-14187E9379F2}.Release|Any CPU.Build.0 = Release|Any CPU
	EndGlobalSection
	GlobalSection(NestedProjects) = preSolution
		{F4E79437-6477-4C96-A003-5161DAEB882A} = {A5022DB9-1F98-441D-8558-B6432D00017E}
		{A36986D2-24BB-4DB5-96D1-7D1FD3855962} = {A5022DB9-1F98-441D-8558-B6432D00017E}
		{289D11FB-1B50-4755-8D17-312594FA95E8} = {A36986D2-24BB-4DB5-96D1-7D1FD3855962}
		{291AEE75-7F77-475E-A2CC-9EC9341B3724} = {A36986D2-24BB-4DB5-96D1-7D1FD3855962}
		{83E4A000-D10D-4C7A-9C00-5E1066834125} = {A36986D2-24BB-4DB5-96D1-7D1FD3855962}
		{DF79E7FE-BA94-466C-92F5-3A5A729B24EC} = {F4E79437-6477-4C96-A003-5161DAEB882A}
		{15ED8549-4D61-4650-ACA2-48172026B3D6} = {F4E79437-6477-4C96-A003-5161DAEB882A}
		{C72CBF25-B436-40B4-8D8E-14187E9379F2} = {F4E79437-6477-4C96-A003-5161DAEB882A}
	EndGlobalSection
EndGlobal
